
Microsoft Visual Studio Solution File, Format Version 12.00
# Visual Studio Version 17
VisualStudioVersion = 17.6.33829.357
MinimumVisualStudioVersion = 10.0.40219.1
Project("{F2A71F9B-5D33-465A-A702-920D77279786}") = "RockPaperScissors", "RockPaperScissors.fsproj", "{F3A406D0-AF7A-410E-A0DB-2F0058E67A96}"
EndProject
Global
	GlobalSection(SolutionConfigurationPlatforms) = preSolution
		Debug|Any CPU = Debug|Any CPU
		Release|Any CPU = Release|Any CPU
	EndGlobalSection
	GlobalSection(ProjectConfigurationPlatforms) = postSolution
		{F3A406D0-AF7A-410E-A0DB-2F0058E67A96}.Debug|Any CPU.ActiveCfg = Debug|Any CPU
		{F3A406D0-AF7A-410E-A0DB-2F0058E67A96}.Debug|Any CPU.Build.0 = Debug|Any CPU
		{F3A406D0-AF7A-410E-A0DB-2F0058E67A96}.Release|Any CPU.ActiveCfg = Release|Any CPU
		{F3A406D0-AF7A-410E-A0DB-2F0058E67A96}.Release|Any CPU.Build.0 = Release|Any CPU
	EndGlobalSection
	GlobalSection(SolutionProperties) = preSolution
		HideSolutionNode = FALSE
	EndGlobalSection
	GlobalSection(ExtensibilityGlobals) = postSolution
		SolutionGuid = {B48F138E-5F64-48C0-A14B-139948072033}
	EndGlobalSection
EndGlobal
